// !$*UTF8*$!
{
	archiveVersion = 1;
	classes = {
	};
	objectVersion = 46;
	objects = {

/* Begin PBXBuildFile section */
		AA5244E31E4B508B0070BABF /* LoginViewController.swift in Sources */ = {isa = PBXBuildFile; fileRef = AA5244E21E4B508B0070BABF /* LoginViewController.swift */; };
		AA661FB31E3D28920081B5CA /* csvparser.swift in Sources */ = {isa = PBXBuildFile; fileRef = AA661FB21E3D28920081B5CA /* csvparser.swift */; };
		AA661FB61E3D29550081B5CA /* activityData.csv in Resources */ = {isa = PBXBuildFile; fileRef = AA661FB51E3D29550081B5CA /* activityData.csv */; };
		AA9CD7261E3B718600BD3CD6 /* CoreData.framework in Frameworks */ = {isa = PBXBuildFile; fileRef = AA9CD7251E3B718600BD3CD6 /* CoreData.framework */; };
		AA9CD7291E3B726D00BD3CD6 /* TouristTeam.xcdatamodeld in Sources */ = {isa = PBXBuildFile; fileRef = AA9CD7271E3B726D00BD3CD6 /* TouristTeam.xcdatamodeld */; };
		AAA4AABE1E366D350020320C /* MapKit.framework in Frameworks */ = {isa = PBXBuildFile; fileRef = AAA4AABD1E366D350020320C /* MapKit.framework */; };
		AAD68FF81E47C7AC00912A57 /* teamData.csv in Resources */ = {isa = PBXBuildFile; fileRef = AAD68FF71E47C7AC00912A57 /* teamData.csv */; };
		AAF595DC1E352C5F000C11A4 /* AppDelegate.swift in Sources */ = {isa = PBXBuildFile; fileRef = AAF595DB1E352C5F000C11A4 /* AppDelegate.swift */; };
		AAF595DE1E352C5F000C11A4 /* ActivitiesViewController.swift in Sources */ = {isa = PBXBuildFile; fileRef = AAF595DD1E352C5F000C11A4 /* ActivitiesViewController.swift */; };
		AAF595E01E352C5F000C11A4 /* TeamViewController.swift in Sources */ = {isa = PBXBuildFile; fileRef = AAF595DF1E352C5F000C11A4 /* TeamViewController.swift */; };
		AAF595E31E352C5F000C11A4 /* Main.storyboard in Resources */ = {isa = PBXBuildFile; fileRef = AAF595E11E352C5F000C11A4 /* Main.storyboard */; };
		AAF595E51E352C5F000C11A4 /* Assets.xcassets in Resources */ = {isa = PBXBuildFile; fileRef = AAF595E41E352C5F000C11A4 /* Assets.xcassets */; };
		AAF595E81E352C5F000C11A4 /* LaunchScreen.storyboard in Resources */ = {isa = PBXBuildFile; fileRef = AAF595E61E352C5F000C11A4 /* LaunchScreen.storyboard */; };
		AAF595F01E353B10000C11A4 /* ProfileViewController.swift in Sources */ = {isa = PBXBuildFile; fileRef = AAF595EF1E353B10000C11A4 /* ProfileViewController.swift */; };
/* End PBXBuildFile section */

/* Begin PBXFileReference section */
		AA5244E21E4B508B0070BABF /* LoginViewController.swift */ = {isa = PBXFileReference; fileEncoding = 4; lastKnownFileType = sourcecode.swift; path = LoginViewController.swift; sourceTree = "<group>"; };
		AA661FB21E3D28920081B5CA /* csvparser.swift */ = {isa = PBXFileReference; fileEncoding = 4; lastKnownFileType = sourcecode.swift; path = csvparser.swift; sourceTree = "<group>"; };
		AA661FB51E3D29550081B5CA /* activityData.csv */ = {isa = PBXFileReference; fileEncoding = 4; lastKnownFileType = text; path = activityData.csv; sourceTree = "<group>"; };
		AA9CD7251E3B718600BD3CD6 /* CoreData.framework */ = {isa = PBXFileReference; lastKnownFileType = wrapper.framework; name = CoreData.framework; path = System/Library/Frameworks/CoreData.framework; sourceTree = SDKROOT; };
		AA9CD7281E3B726D00BD3CD6 /* TouristTeam.xcdatamodel */ = {isa = PBXFileReference; lastKnownFileType = wrapper.xcdatamodel; path = TouristTeam.xcdatamodel; sourceTree = "<group>"; };
		AAA4AABD1E366D350020320C /* MapKit.framework */ = {isa = PBXFileReference; lastKnownFileType = wrapper.framework; name = MapKit.framework; path = System/Library/Frameworks/MapKit.framework; sourceTree = SDKROOT; };
		AAD68FF71E47C7AC00912A57 /* teamData.csv */ = {isa = PBXFileReference; fileEncoding = 4; lastKnownFileType = text; path = teamData.csv; sourceTree = "<group>"; };
		AAF595D81E352C5F000C11A4 /* Tourist Team.app */ = {isa = PBXFileReference; explicitFileType = wrapper.application; includeInIndex = 0; path = "Tourist Team.app"; sourceTree = BUILT_PRODUCTS_DIR; };
		AAF595DB1E352C5F000C11A4 /* AppDelegate.swift */ = {isa = PBXFileReference; lastKnownFileType = sourcecode.swift; path = AppDelegate.swift; sourceTree = "<group>"; };
		AAF595DD1E352C5F000C11A4 /* ActivitiesViewController.swift */ = {isa = PBXFileReference; lastKnownFileType = sourcecode.swift; path = ActivitiesViewController.swift; sourceTree = "<group>"; };
		AAF595DF1E352C5F000C11A4 /* TeamViewController.swift */ = {isa = PBXFileReference; lastKnownFileType = sourcecode.swift; path = TeamViewController.swift; sourceTree = "<group>"; };
		AAF595E21E352C5F000C11A4 /* Base */ = {isa = PBXFileReference; lastKnownFileType = file.storyboard; name = Base; path = Base.lproj/Main.storyboard; sourceTree = "<group>"; };
		AAF595E41E352C5F000C11A4 /* Assets.xcassets */ = {isa = PBXFileReference; lastKnownFileType = folder.assetcatalog; path = Assets.xcassets; sourceTree = "<group>"; };
		AAF595E71E352C5F000C11A4 /* Base */ = {isa = PBXFileReference; lastKnownFileType = file.storyboard; name = Base; path = Base.lproj/LaunchScreen.storyboard; sourceTree = "<group>"; };
		AAF595E91E352C5F000C11A4 /* Info.plist */ = {isa = PBXFileReference; lastKnownFileType = text.plist.xml; path = Info.plist; sourceTree = "<group>"; };
		AAF595EF1E353B10000C11A4 /* ProfileViewController.swift */ = {isa = PBXFileReference; fileEncoding = 4; lastKnownFileType = sourcecode.swift; path = ProfileViewController.swift; sourceTree = "<group>"; };
/* End PBXFileReference section */

/* Begin PBXFrameworksBuildPhase section */
		AAF595D51E352C5F000C11A4 /* Frameworks */ = {
			isa = PBXFrameworksBuildPhase;
			buildActionMask = 2147483647;
			files = (
				AA9CD7261E3B718600BD3CD6 /* CoreData.framework in Frameworks */,
				AAA4AABE1E366D350020320C /* MapKit.framework in Frameworks */,
			);
			runOnlyForDeploymentPostprocessing = 0;
		};
/* End PBXFrameworksBuildPhase section */

/* Begin PBXGroup section */
		AA661FB41E3D28990081B5CA /* Supporting files */ = {
			isa = PBXGroup;
			children = (
				AAF595E61E352C5F000C11A4 /* LaunchScreen.storyboard */,
				AAF595E91E352C5F000C11A4 /* Info.plist */,
				AA661FB21E3D28920081B5CA /* csvparser.swift */,
				AA661FB51E3D29550081B5CA /* activityData.csv */,
				AAD68FF71E47C7AC00912A57 /* teamData.csv */,
			);
			name = "Supporting files";
			sourceTree = "<group>";
		};
		AAA4AABC1E366D350020320C /* Frameworks */ = {
			isa = PBXGroup;
			children = (
				AA9CD7251E3B718600BD3CD6 /* CoreData.framework */,
				AAA4AABD1E366D350020320C /* MapKit.framework */,
			);
			name = Frameworks;
			sourceTree = "<group>";
		};
		AAF595CF1E352C5F000C11A4 = {
			isa = PBXGroup;
			children = (
				AAA4AABC1E366D350020320C /* Frameworks */,
				AAF595D91E352C5F000C11A4 /* Products */,
				AAF595DA1E352C5F000C11A4 /* Tourist Team */,
			);
			sourceTree = "<group>";
		};
		AAF595D91E352C5F000C11A4 /* Products */ = {
			isa = PBXGroup;
			children = (
				AAF595D81E352C5F000C11A4 /* Tourist Team.app */,
			);
			name = Products;
			sourceTree = "<group>";
		};
		AAF595DA1E352C5F000C11A4 /* Tourist Team */ = {
			isa = PBXGroup;
			children = (
				AAF595DB1E352C5F000C11A4 /* AppDelegate.swift */,
				AAF595DD1E352C5F000C11A4 /* ActivitiesViewController.swift */,
				AAF595DF1E352C5F000C11A4 /* TeamViewController.swift */,
				AAF595EF1E353B10000C11A4 /* ProfileViewController.swift */,
				AA5244E21E4B508B0070BABF /* LoginViewController.swift */,
				AAF595E11E352C5F000C11A4 /* Main.storyboard */,
				AAF595E41E352C5F000C11A4 /* Assets.xcassets */,
				AA9CD7271E3B726D00BD3CD6 /* TouristTeam.xcdatamodeld */,
				AA661FB41E3D28990081B5CA /* Supporting files */,
			);
			path = "Tourist Team";
			sourceTree = "<group>";
		};
/* End PBXGroup section */

/* Begin PBXNativeTarget section */
		AAF595D71E352C5F000C11A4 /* Tourist Team */ = {
			isa = PBXNativeTarget;
			buildConfigurationList = AAF595EC1E352C5F000C11A4 /* Build configuration list for PBXNativeTarget "Tourist Team" */;
			buildPhases = (
				AAF595D41E352C5F000C11A4 /* Sources */,
				AAF595D51E352C5F000C11A4 /* Frameworks */,
				AAF595D61E352C5F000C11A4 /* Resources */,
			);
			buildRules = (
			);
			dependencies = (
			);
			name = "Tourist Team";
			productName = "Tourist Team";
			productReference = AAF595D81E352C5F000C11A4 /* Tourist Team.app */;
			productType = "com.apple.product-type.application";
		};
/* End PBXNativeTarget section */

/* Begin PBXProject section */
		AAF595D01E352C5F000C11A4 /* Project object */ = {
			isa = PBXProject;
			attributes = {
				LastSwiftUpdateCheck = 0820;
				LastUpgradeCheck = 0820;
				ORGANIZATIONNAME = eurecom;
				TargetAttributes = {
					AAF595D71E352C5F000C11A4 = {
						CreatedOnToolsVersion = 8.2.1;
						DevelopmentTeam = 54F5KF92YX;
						ProvisioningStyle = Automatic;
						SystemCapabilities = {
							com.apple.Maps.iOS = {
								enabled = 0;
							};
						};
					};
				};
			};
			buildConfigurationList = AAF595D31E352C5F000C11A4 /* Build configuration list for PBXProject "Tourist Team" */;
			compatibilityVersion = "Xcode 3.2";
			developmentRegion = English;
			hasScannedForEncodings = 0;
			knownRegions = (
				en,
				Base,
			);
			mainGroup = AAF595CF1E352C5F000C11A4;
			productRefGroup = AAF595D91E352C5F000C11A4 /* Products */;
			projectDirPath = "";
			projectRoot = "";
			targets = (
				AAF595D71E352C5F000C11A4 /* Tourist Team */,
			);
		};
/* End PBXProject section */

/* Begin PBXResourcesBuildPhase section */
		AAF595D61E352C5F000C11A4 /* Resources */ = {
			isa = PBXResourcesBuildPhase;
			buildActionMask = 2147483647;
			files = (
				AAF595E81E352C5F000C11A4 /* LaunchScreen.storyboard in Resources */,
				AA661FB61E3D29550081B5CA /* activityData.csv in Resources */,
				AAF595E51E352C5F000C11A4 /* Assets.xcassets in Resources */,
				AAF595E31E352C5F000C11A4 /* Main.storyboard in Resources */,
				AAD68FF81E47C7AC00912A57 /* teamData.csv in Resources */,
			);
			runOnlyForDeploymentPostprocessing = 0;
		};
/* End PBXResourcesBuildPhase section */

/* Begin PBXSourcesBuildPhase section */
		AAF595D41E352C5F000C11A4 /* Sources */ = {
			isa = PBXSourcesBuildPhase;
			buildActionMask = 2147483647;
			files = (
				AA5244E31E4B508B0070BABF /* LoginViewController.swift in Sources */,
				AA9CD7291E3B726D00BD3CD6 /* TouristTeam.xcdatamodeld in Sources */,
				AAF595E01E352C5F000C11A4 /* TeamViewController.swift in Sources */,
				AAF595DC1E352C5F000C11A4 /* AppDelegate.swift in Sources */,
				AA661FB31E3D28920081B5CA /* csvparser.swift in Sources */,
				AAF595F01E353B10000C11A4 /* ProfileViewController.swift in Sources */,
				AAF595DE1E352C5F000C11A4 /* ActivitiesViewController.swift in Sources */,
			);
			runOnlyForDeploymentPostprocessing = 0;
		};
/* End PBXSourcesBuildPhase section */

/* Begin PBXVariantGroup section */
		AAF595E11E352C5F000C11A4 /* Main.storyboard */ = {
			isa = PBXVariantGroup;
			children = (
				AAF595E21E352C5F000C11A4 /* Base */,
			);
			name = Main.storyboard;
			sourceTree = "<group>";
		};
		AAF595E61E352C5F000C11A4 /* LaunchScreen.storyboard */ = {
			isa = PBXVariantGroup;
			children = (
				AAF595E71E352C5F000C11A4 /* Base */,
			);
			name = LaunchScreen.storyboard;
			sourceTree = "<group>";
		};
/* End PBXVariantGroup section */

/* Begin XCBuildConfiguration section */
		AAF595EA1E352C5F000C11A4 /* Debug */ = {
			isa = XCBuildConfiguration;
			buildSettings = {
				ALWAYS_SEARCH_USER_PATHS = NO;
				CLANG_ANALYZER_NONNULL = YES;
				CLANG_CXX_LANGUAGE_STANDARD = "gnu++0x";
				CLANG_CXX_LIBRARY = "libc++";
				CLANG_ENABLE_MODULES = YES;
				CLANG_ENABLE_OBJC_ARC = YES;
				CLANG_WARN_BOOL_CONVERSION = YES;
				CLANG_WARN_CONSTANT_CONVERSION = YES;
				CLANG_WARN_DIRECT_OBJC_ISA_USAGE = YES_ERROR;
				CLANG_WARN_DOCUMENTATION_COMMENTS = YES;
				CLANG_WARN_EMPTY_BODY = YES;
				CLANG_WARN_ENUM_CONVERSION = YES;
				CLANG_WARN_INFINITE_RECURSION = YES;
				CLANG_WARN_INT_CONVERSION = YES;
				CLANG_WARN_OBJC_ROOT_CLASS = YES_ERROR;
				CLANG_WARN_SUSPICIOUS_MOVE = YES;
				CLANG_WARN_UNREACHABLE_CODE = YES;
				CLANG_WARN__DUPLICATE_METHOD_MATCH = YES;
				"CODE_SIGN_IDENTITY[sdk=iphoneos*]" = "iPhone Developer";
				COPY_PHASE_STRIP = NO;
				DEBUG_INFORMATION_FORMAT = dwarf;
				ENABLE_STRICT_OBJC_MSGSEND = YES;
				ENABLE_TESTABILITY = YES;
				GCC_C_LANGUAGE_STANDARD = gnu99;
				GCC_DYNAMIC_NO_PIC = NO;
				GCC_NO_COMMON_BLOCKS = YES;
				GCC_OPTIMIZATION_LEVEL = 0;
				GCC_PREPROCESSOR_DEFINITIONS = (
					"DEBUG=1",
					"$(inherited)",
				);
				GCC_WARN_64_TO_32_BIT_CONVERSION = YES;
				GCC_WARN_ABOUT_RETURN_TYPE = YES_ERROR;
				GCC_WARN_UNDECLARED_SELECTOR = YES;
				GCC_WARN_UNINITIALIZED_AUTOS = YES_AGGRESSIVE;
				GCC_WARN_UNUSED_FUNCTION = YES;
				GCC_WARN_UNUSED_VARIABLE = YES;
				IPHONEOS_DEPLOYMENT_TARGET = 10.2;
				MTL_ENABLE_DEBUG_INFO = YES;
				ONLY_ACTIVE_ARCH = YES;
				SDKROOT = iphoneos;
				SWIFT_ACTIVE_COMPILATION_CONDITIONS = DEBUG;
				SWIFT_OPTIMIZATION_LEVEL = "-Onone";
			};
			name = Debug;
		};
		AAF595EB1E352C5F000C11A4 /* Release */ = {
			isa = XCBuildConfiguration;
			buildSettings = {
				ALWAYS_SEARCH_USER_PATHS = NO;
				CLANG_ANALYZER_NONNULL = YES;
				CLANG_CXX_LANGUAGE_STANDARD = "gnu++0x";
				CLANG_CXX_LIBRARY = "libc++";
				CLANG_ENABLE_MODULES = YES;
				CLANG_ENABLE_OBJC_ARC = YES;
				CLANG_WARN_BOOL_CONVERSION = YES;
				CLANG_WARN_CONSTANT_CONVERSION = YES;
				CLANG_WARN_DIRECT_OBJC_ISA_USAGE = YES_ERROR;
				CLANG_WARN_DOCUMENTATION_COMMENTS = YES;
				CLANG_WARN_EMPTY_BODY = YES;
				CLANG_WARN_ENUM_CONVERSION = YES;
				CLANG_WARN_INFINITE_RECURSION = YES;
				CLANG_WARN_INT_CONVERSION = YES;
				CLANG_WARN_OBJC_ROOT_CLASS = YES_ERROR;
				CLANG_WARN_SUSPICIOUS_MOVE = YES;
				CLANG_WARN_UNREACHABLE_CODE = YES;
				CLANG_WARN__DUPLICATE_METHOD_MATCH = YES;
				"CODE_SIGN_IDENTITY[sdk=iphoneos*]" = "iPhone Developer";
				COPY_PHASE_STRIP = NO;
				DEBUG_INFORMATION_FORMAT = "dwarf-with-dsym";
				ENABLE_NS_ASSERTIONS = NO;
				ENABLE_STRICT_OBJC_MSGSEND = YES;
				GCC_C_LANGUAGE_STANDARD = gnu99;
				GCC_NO_COMMON_BLOCKS = YES;
				GCC_WARN_64_TO_32_BIT_CONVERSION = YES;
				GCC_WARN_ABOUT_RETURN_TYPE = YES_ERROR;
				GCC_WARN_UNDECLARED_SELECTOR = YES;
				GCC_WARN_UNINITIALIZED_AUTOS = YES_AGGRESSIVE;
				GCC_WARN_UNUSED_FUNCTION = YES;
				GCC_WARN_UNUSED_VARIABLE = YES;
				IPHONEOS_DEPLOYMENT_TARGET = 10.2;
				MTL_ENABLE_DEBUG_INFO = NO;
				SDKROOT = iphoneos;
				SWIFT_OPTIMIZATION_LEVEL = "-Owholemodule";
				VALIDATE_PRODUCT = YES;
			};
			name = Release;
		};
		AAF595ED1E352C5F000C11A4 /* Debug */ = {
			isa = XCBuildConfiguration;
			buildSettings = {
				ASSETCATALOG_COMPILER_APPICON_NAME = AppIcon;
				DEVELOPMENT_TEAM = 54F5KF92YX;
				INFOPLIST_FILE = "Tourist Team/Info.plist";
				LD_RUNPATH_SEARCH_PATHS = "$(inherited) @executable_path/Frameworks";
				PRODUCT_BUNDLE_IDENTIFIER = "fr.eurecom.Tourist-Team";
				PRODUCT_NAME = "$(TARGET_NAME)";
				SWIFT_VERSION = 3.0;
			};
			name = Debug;
		};
		AAF595EE1E352C5F000C11A4 /* Release */ = {
			isa = XCBuildConfiguration;
			buildSettings = {
				ASSETCATALOG_COMPILER_APPICON_NAME = AppIcon;
				DEVELOPMENT_TEAM = 54F5KF92YX;
				INFOPLIST_FILE = "Tourist Team/Info.plist";
				LD_RUNPATH_SEARCH_PATHS = "$(inherited) @executable_path/Frameworks";
				PRODUCT_BUNDLE_IDENTIFIER = "fr.eurecom.Tourist-Team";
				PRODUCT_NAME = "$(TARGET_NAME)";
				SWIFT_VERSION = 3.0;
			};
			name = Release;
		};
/* End XCBuildConfiguration section */

/* Begin XCConfigurationList section */
		AAF595D31E352C5F000C11A4 /* Build configuration list for PBXProject "Tourist Team" */ = {
			isa = XCConfigurationList;
			buildConfigurations = (
				AAF595EA1E352C5F000C11A4 /* Debug */,
				AAF595EB1E352C5F000C11A4 /* Release */,
			);
			defaultConfigurationIsVisible = 0;
			defaultConfigurationName = Release;
		};
		AAF595EC1E352C5F000C11A4 /* Build configuration list for PBXNativeTarget "Tourist Team" */ = {
			isa = XCConfigurationList;
			buildConfigurations = (
				AAF595ED1E352C5F000C11A4 /* Debug */,
				AAF595EE1E352C5F000C11A4 /* Release */,
			);
			defaultConfigurationIsVisible = 0;
			defaultConfigurationName = Release;
		};
/* End XCConfigurationList section */

/* Begin XCVersionGroup section */
		AA9CD7271E3B726D00BD3CD6 /* TouristTeam.xcdatamodeld */ = {
			isa = XCVersionGroup;
			children = (
				AA9CD7281E3B726D00BD3CD6 /* TouristTeam.xcdatamodel */,
			);
			currentVersion = AA9CD7281E3B726D00BD3CD6 /* TouristTeam.xcdatamodel */;
			path = TouristTeam.xcdatamodeld;
			sourceTree = "<group>";
			versionGroupType = wrapper.xcdatamodel;
		};
/* End XCVersionGroup section */
	};
	rootObject = AAF595D01E352C5F000C11A4 /* Project object */;
}
