// !$*UTF8*$!
{
	archiveVersion = 1;
	classes = {
	};
	objectVersion = 46;
	objects = {

/* Begin PBXBuildFile section */
		AACA7B491E3A251000325EE7 /* AppDelegate.swift in Sources */ = {isa = PBXBuildFile; fileRef = AACA7B481E3A251000325EE7 /* AppDelegate.swift */; };
		AACA7B4B1E3A251000325EE7 /* ViewController.swift in Sources */ = {isa = PBXBuildFile; fileRef = AACA7B4A1E3A251000325EE7 /* ViewController.swift */; };
		AACA7B4E1E3A251000325EE7 /* Main.storyboard in Resources */ = {isa = PBXBuildFile; fileRef = AACA7B4C1E3A251000325EE7 /* Main.storyboard */; };
		AACA7B511E3A251000325EE7 /* CoreDataTutorial.xcdatamodeld in Sources */ = {isa = PBXBuildFile; fileRef = AACA7B4F1E3A251000325EE7 /* CoreDataTutorial.xcdatamodeld */; };
		AACA7B531E3A251000325EE7 /* Assets.xcassets in Resources */ = {isa = PBXBuildFile; fileRef = AACA7B521E3A251000325EE7 /* Assets.xcassets */; };
		AACA7B561E3A251000325EE7 /* LaunchScreen.storyboard in Resources */ = {isa = PBXBuildFile; fileRef = AACA7B541E3A251000325EE7 /* LaunchScreen.storyboard */; };
/* End PBXBuildFile section */

/* Begin PBXFileReference section */
		AACA7B451E3A251000325EE7 /* CoreDataTutorial.app */ = {isa = PBXFileReference; explicitFileType = wrapper.application; includeInIndex = 0; path = CoreDataTutorial.app; sourceTree = BUILT_PRODUCTS_DIR; };
		AACA7B481E3A251000325EE7 /* AppDelegate.swift */ = {isa = PBXFileReference; lastKnownFileType = sourcecode.swift; path = AppDelegate.swift; sourceTree = "<group>"; };
		AACA7B4A1E3A251000325EE7 /* ViewController.swift */ = {isa = PBXFileReference; lastKnownFileType = sourcecode.swift; path = ViewController.swift; sourceTree = "<group>"; };
		AACA7B4D1E3A251000325EE7 /* Base */ = {isa = PBXFileReference; lastKnownFileType = file.storyboard; name = Base; path = Base.lproj/Main.storyboard; sourceTree = "<group>"; };
		AACA7B501E3A251000325EE7 /* CoreDataTutorial.xcdatamodel */ = {isa = PBXFileReference; lastKnownFileType = wrapper.xcdatamodel; path = CoreDataTutorial.xcdatamodel; sourceTree = "<group>"; };
		AACA7B521E3A251000325EE7 /* Assets.xcassets */ = {isa = PBXFileReference; lastKnownFileType = folder.assetcatalog; path = Assets.xcassets; sourceTree = "<group>"; };
		AACA7B551E3A251000325EE7 /* Base */ = {isa = PBXFileReference; lastKnownFileType = file.storyboard; name = Base; path = Base.lproj/LaunchScreen.storyboard; sourceTree = "<group>"; };
		AACA7B571E3A251000325EE7 /* Info.plist */ = {isa = PBXFileReference; lastKnownFileType = text.plist.xml; path = Info.plist; sourceTree = "<group>"; };
/* End PBXFileReference section */

/* Begin PBXFrameworksBuildPhase section */
		AACA7B421E3A251000325EE7 /* Frameworks */ = {
			isa = PBXFrameworksBuildPhase;
			buildActionMask = 2147483647;
			files = (
			);
			runOnlyForDeploymentPostprocessing = 0;
		};
/* End PBXFrameworksBuildPhase section */

/* Begin PBXGroup section */
		AACA7B3C1E3A251000325EE7 = {
			isa = PBXGroup;
			children = (
				AACA7B471E3A251000325EE7 /* CoreDataTutorial */,
				AACA7B461E3A251000325EE7 /* Products */,
			);
			sourceTree = "<group>";
		};
		AACA7B461E3A251000325EE7 /* Products */ = {
			isa = PBXGroup;
			children = (
				AACA7B451E3A251000325EE7 /* CoreDataTutorial.app */,
			);
			name = Products;
			sourceTree = "<group>";
		};
		AACA7B471E3A251000325EE7 /* CoreDataTutorial */ = {
			isa = PBXGroup;
			children = (
				AACA7B481E3A251000325EE7 /* AppDelegate.swift */,
				AACA7B4A1E3A251000325EE7 /* ViewController.swift */,
				AACA7B4C1E3A251000325EE7 /* Main.storyboard */,
				AACA7B521E3A251000325EE7 /* Assets.xcassets */,
				AACA7B541E3A251000325EE7 /* LaunchScreen.storyboard */,
				AACA7B571E3A251000325EE7 /* Info.plist */,
				AACA7B4F1E3A251000325EE7 /* CoreDataTutorial.xcdatamodeld */,
			);
			path = CoreDataTutorial;
			sourceTree = "<group>";
		};
/* End PBXGroup section */

/* Begin PBXNativeTarget section */
		AACA7B441E3A251000325EE7 /* CoreDataTutorial */ = {
			isa = PBXNativeTarget;
			buildConfigurationList = AACA7B5A1E3A251000325EE7 /* Build configuration list for PBXNativeTarget "CoreDataTutorial" */;
			buildPhases = (
				AACA7B411E3A251000325EE7 /* Sources */,
				AACA7B421E3A251000325EE7 /* Frameworks */,
				AACA7B431E3A251000325EE7 /* Resources */,
			);
			buildRules = (
			);
			dependencies = (
			);
			name = CoreDataTutorial;
			productName = CoreDataTutorial;
			productReference = AACA7B451E3A251000325EE7 /* CoreDataTutorial.app */;
			productType = "com.apple.product-type.application";
		};
/* End PBXNativeTarget section */

/* Begin PBXProject section */
		AACA7B3D1E3A251000325EE7 /* Project object */ = {
			isa = PBXProject;
			attributes = {
				LastSwiftUpdateCheck = 0820;
				LastUpgradeCheck = 0820;
				ORGANIZATIONNAME = Example;
				TargetAttributes = {
					AACA7B441E3A251000325EE7 = {
						CreatedOnToolsVersion = 8.2.1;
						DevelopmentTeam = 54F5KF92YX;
						ProvisioningStyle = Automatic;
					};
				};
			};
			buildConfigurationList = AACA7B401E3A251000325EE7 /* Build configuration list for PBXProject "CoreDataTutorial" */;
			compatibilityVersion = "Xcode 3.2";
			developmentRegion = English;
			hasScannedForEncodings = 0;
			knownRegions = (
				en,
				Base,
			);
			mainGroup = AACA7B3C1E3A251000325EE7;
			productRefGroup = AACA7B461E3A251000325EE7 /* Products */;
			projectDirPath = "";
			projectRoot = "";
			targets = (
				AACA7B441E3A251000325EE7 /* CoreDataTutorial */,
			);
		};
/* End PBXProject section */

/* Begin PBXResourcesBuildPhase section */
		AACA7B431E3A251000325EE7 /* Resources */ = {
			isa = PBXResourcesBuildPhase;
			buildActionMask = 2147483647;
			files = (
				AACA7B561E3A251000325EE7 /* LaunchScreen.storyboard in Resources */,
				AACA7B531E3A251000325EE7 /* Assets.xcassets in Resources */,
				AACA7B4E1E3A251000325EE7 /* Main.storyboard in Resources */,
			);
			runOnlyForDeploymentPostprocessing = 0;
		};
/* End PBXResourcesBuildPhase section */

/* Begin PBXSourcesBuildPhase section */
		AACA7B411E3A251000325EE7 /* Sources */ = {
			isa = PBXSourcesBuildPhase;
			buildActionMask = 2147483647;
			files = (
				AACA7B4B1E3A251000325EE7 /* ViewController.swift in Sources */,
				AACA7B491E3A251000325EE7 /* AppDelegate.swift in Sources */,
				AACA7B511E3A251000325EE7 /* CoreDataTutorial.xcdatamodeld in Sources */,
			);
			runOnlyForDeploymentPostprocessing = 0;
		};
/* End PBXSourcesBuildPhase section */

/* Begin PBXVariantGroup section */
		AACA7B4C1E3A251000325EE7 /* Main.storyboard */ = {
			isa = PBXVariantGroup;
			children = (
				AACA7B4D1E3A251000325EE7 /* Base */,
			);
			name = Main.storyboard;
			sourceTree = "<group>";
		};
		AACA7B541E3A251000325EE7 /* LaunchScreen.storyboard */ = {
			isa = PBXVariantGroup;
			children = (
				AACA7B551E3A251000325EE7 /* Base */,
			);
			name = LaunchScreen.storyboard;
			sourceTree = "<group>";
		};
/* End PBXVariantGroup section */

/* Begin XCBuildConfiguration section */
		AACA7B581E3A251000325EE7 /* Debug */ = {
			isa = XCBuildConfiguration;
			buildSettings = {
				ALWAYS_SEARCH_USER_PATHS = NO;
				CLANG_ANALYZER_NONNULL = YES;
				CLANG_CXX_LANGUAGE_STANDARD = "gnu++0x";
				CLANG_CXX_LIBRARY = "libc++";
				CLANG_ENABLE_MODULES = YES;
				CLANG_ENABLE_OBJC_ARC = YES;
				CLANG_WARN_BOOL_CONVERSION = YES;
				CLANG_WARN_CONSTANT_CONVERSION = YES;
				CLANG_WARN_DIRECT_OBJC_ISA_USAGE = YES_ERROR;
				CLANG_WARN_DOCUMENTATION_COMMENTS = YES;
				CLANG_WARN_EMPTY_BODY = YES;
				CLANG_WARN_ENUM_CONVERSION = YES;
				CLANG_WARN_INFINITE_RECURSION = YES;
				CLANG_WARN_INT_CONVERSION = YES;
				CLANG_WARN_OBJC_ROOT_CLASS = YES_ERROR;
				CLANG_WARN_SUSPICIOUS_MOVE = YES;
				CLANG_WARN_UNREACHABLE_CODE = YES;
				CLANG_WARN__DUPLICATE_METHOD_MATCH = YES;
				"CODE_SIGN_IDENTITY[sdk=iphoneos*]" = "iPhone Developer";
				COPY_PHASE_STRIP = NO;
				DEBUG_INFORMATION_FORMAT = dwarf;
				ENABLE_STRICT_OBJC_MSGSEND = YES;
				ENABLE_TESTABILITY = YES;
				GCC_C_LANGUAGE_STANDARD = gnu99;
				GCC_DYNAMIC_NO_PIC = NO;
				GCC_NO_COMMON_BLOCKS = YES;
				GCC_OPTIMIZATION_LEVEL = 0;
				GCC_PREPROCESSOR_DEFINITIONS = (
					"DEBUG=1",
					"$(inherited)",
				);
				GCC_WARN_64_TO_32_BIT_CONVERSION = YES;
				GCC_WARN_ABOUT_RETURN_TYPE = YES_ERROR;
				GCC_WARN_UNDECLARED_SELECTOR = YES;
				GCC_WARN_UNINITIALIZED_AUTOS = YES_AGGRESSIVE;
				GCC_WARN_UNUSED_FUNCTION = YES;
				GCC_WARN_UNUSED_VARIABLE = YES;
				IPHONEOS_DEPLOYMENT_TARGET = 10.2;
				MTL_ENABLE_DEBUG_INFO = YES;
				ONLY_ACTIVE_ARCH = YES;
				SDKROOT = iphoneos;
				SWIFT_ACTIVE_COMPILATION_CONDITIONS = DEBUG;
				SWIFT_OPTIMIZATION_LEVEL = "-Onone";
			};
			name = Debug;
		};
		AACA7B591E3A251000325EE7 /* Release */ = {
			isa = XCBuildConfiguration;
			buildSettings = {
				ALWAYS_SEARCH_USER_PATHS = NO;
				CLANG_ANALYZER_NONNULL = YES;
				CLANG_CXX_LANGUAGE_STANDARD = "gnu++0x";
				CLANG_CXX_LIBRARY = "libc++";
				CLANG_ENABLE_MODULES = YES;
				CLANG_ENABLE_OBJC_ARC = YES;
				CLANG_WARN_BOOL_CONVERSION = YES;
				CLANG_WARN_CONSTANT_CONVERSION = YES;
				CLANG_WARN_DIRECT_OBJC_ISA_USAGE = YES_ERROR;
				CLANG_WARN_DOCUMENTATION_COMMENTS = YES;
				CLANG_WARN_EMPTY_BODY = YES;
				CLANG_WARN_ENUM_CONVERSION = YES;
				CLANG_WARN_INFINITE_RECURSION = YES;
				CLANG_WARN_INT_CONVERSION = YES;
				CLANG_WARN_OBJC_ROOT_CLASS = YES_ERROR;
				CLANG_WARN_SUSPICIOUS_MOVE = YES;
				CLANG_WARN_UNREACHABLE_CODE = YES;
				CLANG_WARN__DUPLICATE_METHOD_MATCH = YES;
				"CODE_SIGN_IDENTITY[sdk=iphoneos*]" = "iPhone Developer";
				COPY_PHASE_STRIP = NO;
				DEBUG_INFORMATION_FORMAT = "dwarf-with-dsym";
				ENABLE_NS_ASSERTIONS = NO;
				ENABLE_STRICT_OBJC_MSGSEND = YES;
				GCC_C_LANGUAGE_STANDARD = gnu99;
				GCC_NO_COMMON_BLOCKS = YES;
				GCC_WARN_64_TO_32_BIT_CONVERSION = YES;
				GCC_WARN_ABOUT_RETURN_TYPE = YES_ERROR;
				GCC_WARN_UNDECLARED_SELECTOR = YES;
				GCC_WARN_UNINITIALIZED_AUTOS = YES_AGGRESSIVE;
				GCC_WARN_UNUSED_FUNCTION = YES;
				GCC_WARN_UNUSED_VARIABLE = YES;
				IPHONEOS_DEPLOYMENT_TARGET = 10.2;
				MTL_ENABLE_DEBUG_INFO = NO;
				SDKROOT = iphoneos;
				SWIFT_OPTIMIZATION_LEVEL = "-Owholemodule";
				VALIDATE_PRODUCT = YES;
			};
			name = Release;
		};
		AACA7B5B1E3A251000325EE7 /* Debug */ = {
			isa = XCBuildConfiguration;
			buildSettings = {
				ASSETCATALOG_COMPILER_APPICON_NAME = AppIcon;
				DEVELOPMENT_TEAM = 54F5KF92YX;
				INFOPLIST_FILE = CoreDataTutorial/Info.plist;
				LD_RUNPATH_SEARCH_PATHS = "$(inherited) @executable_path/Frameworks";
				PRODUCT_BUNDLE_IDENTIFIER = com.example.CoreDataTutorial;
				PRODUCT_NAME = "$(TARGET_NAME)";
				SWIFT_VERSION = 3.0;
			};
			name = Debug;
		};
		AACA7B5C1E3A251000325EE7 /* Release */ = {
			isa = XCBuildConfiguration;
			buildSettings = {
				ASSETCATALOG_COMPILER_APPICON_NAME = AppIcon;
				DEVELOPMENT_TEAM = 54F5KF92YX;
				INFOPLIST_FILE = CoreDataTutorial/Info.plist;
				LD_RUNPATH_SEARCH_PATHS = "$(inherited) @executable_path/Frameworks";
				PRODUCT_BUNDLE_IDENTIFIER = com.example.CoreDataTutorial;
				PRODUCT_NAME = "$(TARGET_NAME)";
				SWIFT_VERSION = 3.0;
			};
			name = Release;
		};
/* End XCBuildConfiguration section */

/* Begin XCConfigurationList section */
		AACA7B401E3A251000325EE7 /* Build configuration list for PBXProject "CoreDataTutorial" */ = {
			isa = XCConfigurationList;
			buildConfigurations = (
				AACA7B581E3A251000325EE7 /* Debug */,
				AACA7B591E3A251000325EE7 /* Release */,
			);
			defaultConfigurationIsVisible = 0;
			defaultConfigurationName = Release;
		};
		AACA7B5A1E3A251000325EE7 /* Build configuration list for PBXNativeTarget "CoreDataTutorial" */ = {
			isa = XCConfigurationList;
			buildConfigurations = (
				AACA7B5B1E3A251000325EE7 /* Debug */,
				AACA7B5C1E3A251000325EE7 /* Release */,
			);
			defaultConfigurationIsVisible = 0;
		};
/* End XCConfigurationList section */

/* Begin XCVersionGroup section */
		AACA7B4F1E3A251000325EE7 /* CoreDataTutorial.xcdatamodeld */ = {
			isa = XCVersionGroup;
			children = (
				AACA7B501E3A251000325EE7 /* CoreDataTutorial.xcdatamodel */,
			);
			currentVersion = AACA7B501E3A251000325EE7 /* CoreDataTutorial.xcdatamodel */;
			path = CoreDataTutorial.xcdatamodeld;
			sourceTree = "<group>";
			versionGroupType = wrapper.xcdatamodel;
		};
/* End XCVersionGroup section */
	};
	rootObject = AACA7B3D1E3A251000325EE7 /* Project object */;
}
